# This file is automatically generated by Poetry 1.8.2
[[package]]
name = "cryptography"
version = "42.0.5"
description = "cryptography is a package which provides cryptographic recipes and primitives"

[[package]]
name = "pyyaml"
version = "6.0.1"
description = "YAML parser and emitter for Python"

[metadata]
lock-version = "2.0"
python-versions = "^3.10"
content-hash = "e3b0c44298fc1c149afbf4c8996fb92427ae41e4649b934ca495991b7852b855"
